
Microsoft Visual Studio Solution File, Format Version 12.00
# Visual Studio Version 16
VisualStudioVersion = 16.0.29519.181
MinimumVisualStudioVersion = 10.0.40219.1
Project("{FAE04EC0-301F-11D3-BF4B-00C04F79EFBC}") = "DavidsRogueClone", "DavidsRogueClone\DavidsRogueClone.csproj", "{5827CBA9-6ACC-49AE-AB1B-B7C04AC302F6}"
EndProject
Global
	GlobalSection(SolutionConfigurationPlatforms) = preSolution
		Debug|Any CPU = Debug|Any CPU
		Release|Any CPU = Release|Any CPU
	EndGlobalSection
	GlobalSection(ProjectConfigurationPlatforms) = postSolution
		{5827CBA9-6ACC-49AE-AB1B-B7C04AC302F6}.Debug|Any CPU.ActiveCfg = Debug|Any CPU
		{5827CBA9-6ACC-49AE-AB1B-B7C04AC302F6}.Debug|Any CPU.Build.0 = Debug|Any CPU
		{5827CBA9-6ACC-49AE-AB1B-B7C04AC302F6}.Release|Any CPU.ActiveCfg = Release|Any CPU
		{5827CBA9-6ACC-49AE-AB1B-B7C04AC302F6}.Release|Any CPU.Build.0 = Release|Any CPU
	EndGlobalSection
	GlobalSection(SolutionProperties) = preSolution
		HideSolutionNode = FALSE
	EndGlobalSection
	GlobalSection(ExtensibilityGlobals) = postSolution
		SolutionGuid = {A763AF98-A5D4-4E13-B9A1-396F4B784D06}
	EndGlobalSection
EndGlobal
